
Microsoft Visual Studio Solution File, Format Version 12.00
# Visual Studio Version 16
VisualStudioVersion = 16.0.29709.97
MinimumVisualStudioVersion = 10.0.40219.1
Project("{FAE04EC0-301F-11D3-BF4B-00C04F79EFBC}") = "VendingMachine", "VendingMachine\VendingMachine.csproj", "{47F9FF9A-A7F9-4231-B1B2-C6074DBC3271}"
EndProject
Project("{FAE04EC0-301F-11D3-BF4B-00C04F79EFBC}") = "UnitTest", "UnitTest\UnitTest.csproj", "{BBA512FF-7535-4121-9EC7-8F7431955F03}"
EndProject
Global
	GlobalSection(SolutionConfigurationPlatforms) = preSolution
		Debug|Any CPU = Debug|Any CPU
		Release|Any CPU = Release|Any CPU
	EndGlobalSection
	GlobalSection(ProjectConfigurationPlatforms) = postSolution
		{47F9FF9A-A7F9-4231-B1B2-C6074DBC3271}.Debug|Any CPU.ActiveCfg = Debug|Any CPU
		{47F9FF9A-A7F9-4231-B1B2-C6074DBC3271}.Debug|Any CPU.Build.0 = Debug|Any CPU
		{47F9FF9A-A7F9-4231-B1B2-C6074DBC3271}.Release|Any CPU.ActiveCfg = Release|Any CPU
		{47F9FF9A-A7F9-4231-B1B2-C6074DBC3271}.Release|Any CPU.Build.0 = Release|Any CPU
		{BBA512FF-7535-4121-9EC7-8F7431955F03}.Debug|Any CPU.ActiveCfg = Debug|Any CPU
		{BBA512FF-7535-4121-9EC7-8F7431955F03}.Debug|Any CPU.Build.0 = Debug|Any CPU
		{BBA512FF-7535-4121-9EC7-8F7431955F03}.Release|Any CPU.ActiveCfg = Release|Any CPU
		{BBA512FF-7535-4121-9EC7-8F7431955F03}.Release|Any CPU.Build.0 = Release|Any CPU
	EndGlobalSection
	GlobalSection(SolutionProperties) = preSolution
		HideSolutionNode = FALSE
	EndGlobalSection
	GlobalSection(ExtensibilityGlobals) = postSolution
		SolutionGuid = {3EE835DA-9C1B-4C67-9F30-79E140CBF64C}
	EndGlobalSection
EndGlobal
